
Microsoft Visual Studio Solution File, Format Version 12.00
# Visual Studio Version 17
VisualStudioVersion = 17.13.35825.156 d17.13
MinimumVisualStudioVersion = 10.0.40219.1
Project("{FAE04EC0-301F-11D3-BF4B-00C04F79EFBC}") = "StyxEngine", "StyxEngine.csproj", "{1EC90411-FA05-496C-962B-592AD5A93D39}"
EndProject
Global
	GlobalSection(SolutionConfigurationPlatforms) = preSolution
		Debug|Any CPU = Debug|Any CPU
		Release|Any CPU = Release|Any CPU
	EndGlobalSection
	GlobalSection(ProjectConfigurationPlatforms) = postSolution
		{1EC90411-FA05-496C-962B-592AD5A93D39}.Debug|Any CPU.ActiveCfg = Debug|Any CPU
		{1EC90411-FA05-496C-962B-592AD5A93D39}.Debug|Any CPU.Build.0 = Debug|Any CPU
		{1EC90411-FA05-496C-962B-592AD5A93D39}.Release|Any CPU.ActiveCfg = Release|Any CPU
		{1EC90411-FA05-496C-962B-592AD5A93D39}.Release|Any CPU.Build.0 = Release|Any CPU
	EndGlobalSection
	GlobalSection(SolutionProperties) = preSolution
		HideSolutionNode = FALSE
	EndGlobalSection
	GlobalSection(ExtensibilityGlobals) = postSolution
		SolutionGuid = {A61EAC22-4DD0-4FBB-A874-A4CC9EF49D68}
	EndGlobalSection
EndGlobal
